
Microsoft Visual Studio Solution File, Format Version 12.00
# Visual Studio Version 16
VisualStudioVersion = 16.0.29709.97
MinimumVisualStudioVersion = 10.0.40219.1
Project("{FAE04EC0-301F-11D3-BF4B-00C04F79EFBC}") = "WheelchairShaun.HittMixMaker.Core", "WheelchairShaun.HittMixMaker.Core\WheelchairShaun.HittMixMaker.Core.csproj", "{CCE6319C-BE12-43F2-9E9F-B72932043E2D}"
EndProject
Global
	GlobalSection(SolutionConfigurationPlatforms) = preSolution
		Debug|Any CPU = Debug|Any CPU
		Release|Any CPU = Release|Any CPU
	EndGlobalSection
	GlobalSection(ProjectConfigurationPlatforms) = postSolution
		{CCE6319C-BE12-43F2-9E9F-B72932043E2D}.Debug|Any CPU.ActiveCfg = Debug|Any CPU
		{CCE6319C-BE12-43F2-9E9F-B72932043E2D}.Debug|Any CPU.Build.0 = Debug|Any CPU
		{CCE6319C-BE12-43F2-9E9F-B72932043E2D}.Release|Any CPU.ActiveCfg = Release|Any CPU
		{CCE6319C-BE12-43F2-9E9F-B72932043E2D}.Release|Any CPU.Build.0 = Release|Any CPU
	EndGlobalSection
	GlobalSection(SolutionProperties) = preSolution
		HideSolutionNode = FALSE
	EndGlobalSection
	GlobalSection(ExtensibilityGlobals) = postSolution
		SolutionGuid = {E6FB3C8C-64BA-4BD8-9616-2FB9F34170A0}
	EndGlobalSection
EndGlobal
